{
  "name": "docpad-plugin-browserifydocs-testsite",
  "version": "0.1.0",
  "lockfileVersion": 1,
  "requires": true,
  "dependencies": {
    "extendonclass": {
      "version": "1.0.1",
      "resolved": "https://registry.npmjs.org/extendonclass/-/extendonclass-1.0.1.tgz",
      "integrity": "sha1-A3xGsbW+0zTszq4x9+CfE4In7Y4="
    },
    "fdom": {
      "version": "0.6.3",
      "resolved": "https://registry.npmjs.org/fdom/-/fdom-0.6.3.tgz",
      "integrity": "sha1-RF9t+O6lF+1mFstj95DHdvwxTiU="
    },
    "jquery": {
      "version": "3.5.0",
      "resolved": "https://registry.npmjs.org/jquery/-/jquery-3.5.0.tgz",
      "integrity": "sha512-Xb7SVYMvygPxbFMpTFQiHh1J7HClEaThguL15N/Gg37Lri/qKyhRGZYzHRyLH8Stq3Aow0LsHO2O2ci86fCrNQ=="
    },
    "miniview": {
      "version": "1.2.0",
      "resolved": "https://registry.npmjs.org/miniview/-/miniview-1.2.0.tgz",
      "integrity": "sha1-gyltQ+fvY3TVPb2sM3xSoedGouQ=",
      "requires": {
        "extendonclass": "~1.0.0"
      }
    },
    "rtc-videoproc": {
      "version": "0.7.0",
      "resolved": "https://registry.npmjs.org/rtc-videoproc/-/rtc-videoproc-0.7.0.tgz",
      "integrity": "sha1-2dE0CCZOF/sJsbGE6antqUM7thA=",
      "requires": {
        "fdom": "~0.6.3"
      }
    }
  }
}
